
Microsoft Visual Studio Solution File, Format Version 12.00
# Visual Studio Version 17
VisualStudioVersion = 17.9.34616.47
MinimumVisualStudioVersion = 10.0.40219.1
Project("{FAE04EC0-301F-11D3-BF4B-00C04F79EFBC}") = "4_op_een_rij", "4_op_een_rij\4_op_een_rij.csproj", "{F7DFB2A7-1AEF-4CA6-93D1-5C35736797FE}"
EndProject
Global
	GlobalSection(SolutionConfigurationPlatforms) = preSolution
		Debug|Any CPU = Debug|Any CPU
		Release|Any CPU = Release|Any CPU
	EndGlobalSection
	GlobalSection(ProjectConfigurationPlatforms) = postSolution
		{F7DFB2A7-1AEF-4CA6-93D1-5C35736797FE}.Debug|Any CPU.ActiveCfg = Debug|Any CPU
		{F7DFB2A7-1AEF-4CA6-93D1-5C35736797FE}.Debug|Any CPU.Build.0 = Debug|Any CPU
		{F7DFB2A7-1AEF-4CA6-93D1-5C35736797FE}.Release|Any CPU.ActiveCfg = Release|Any CPU
		{F7DFB2A7-1AEF-4CA6-93D1-5C35736797FE}.Release|Any CPU.Build.0 = Release|Any CPU
	EndGlobalSection
	GlobalSection(SolutionProperties) = preSolution
		HideSolutionNode = FALSE
	EndGlobalSection
	GlobalSection(ExtensibilityGlobals) = postSolution
		SolutionGuid = {E8652B51-0356-446A-B739-FECA6F47986E}
	EndGlobalSection
EndGlobal
