
Microsoft Visual Studio Solution File, Format Version 12.00
# Visual Studio Version 17
VisualStudioVersion = 17.9.34616.47
MinimumVisualStudioVersion = 10.0.40219.1
Project("{FAE04EC0-301F-11D3-BF4B-00C04F79EFBC}") = "Formulier", "Formulier\Formulier.csproj", "{0A9062AB-62C7-460B-8791-C769CA117A65}"
EndProject
Global
	GlobalSection(SolutionConfigurationPlatforms) = preSolution
		Debug|Any CPU = Debug|Any CPU
		Release|Any CPU = Release|Any CPU
	EndGlobalSection
	GlobalSection(ProjectConfigurationPlatforms) = postSolution
		{0A9062AB-62C7-460B-8791-C769CA117A65}.Debug|Any CPU.ActiveCfg = Debug|Any CPU
		{0A9062AB-62C7-460B-8791-C769CA117A65}.Debug|Any CPU.Build.0 = Debug|Any CPU
		{0A9062AB-62C7-460B-8791-C769CA117A65}.Release|Any CPU.ActiveCfg = Release|Any CPU
		{0A9062AB-62C7-460B-8791-C769CA117A65}.Release|Any CPU.Build.0 = Release|Any CPU
	EndGlobalSection
	GlobalSection(SolutionProperties) = preSolution
		HideSolutionNode = FALSE
	EndGlobalSection
	GlobalSection(ExtensibilityGlobals) = postSolution
		SolutionGuid = {44C3FE2F-4365-4122-A1AB-F264D6AEB531}
	EndGlobalSection
EndGlobal
